
Microsoft Visual Studio Solution File, Format Version 12.00
# Visual Studio Version 16
VisualStudioVersion = 16.0.30804.86
MinimumVisualStudioVersion = 10.0.40219.1
Project("{FAE04EC0-301F-11D3-BF4B-00C04F79EFBC}") = "ChmuryWebApi", "ChmuryWebApi\ChmuryWebApi.csproj", "{AD829696-B418-47A1-961A-B198498BE008}"
EndProject
Global
	GlobalSection(SolutionConfigurationPlatforms) = preSolution
		Debug|Any CPU = Debug|Any CPU
		Release|Any CPU = Release|Any CPU
	EndGlobalSection
	GlobalSection(ProjectConfigurationPlatforms) = postSolution
		{AD829696-B418-47A1-961A-B198498BE008}.Debug|Any CPU.ActiveCfg = Debug|Any CPU
		{AD829696-B418-47A1-961A-B198498BE008}.Debug|Any CPU.Build.0 = Debug|Any CPU
		{AD829696-B418-47A1-961A-B198498BE008}.Release|Any CPU.ActiveCfg = Release|Any CPU
		{AD829696-B418-47A1-961A-B198498BE008}.Release|Any CPU.Build.0 = Release|Any CPU
	EndGlobalSection
	GlobalSection(SolutionProperties) = preSolution
		HideSolutionNode = FALSE
	EndGlobalSection
	GlobalSection(ExtensibilityGlobals) = postSolution
		SolutionGuid = {23764E63-7189-4CBC-9FD5-7A1D5D7B9CD9}
	EndGlobalSection
EndGlobal
